// !$*UTF8*$!
{
	archiveVersion = 1;
	classes = {
	};
	objectVersion = 50;
	objects = {

/* Begin PBXBuildFile section */
		3967ED7426E3B7A9004FFF42 /* SelectServiceVC.swift in Sources */ = {isa = PBXBuildFile; fileRef = 3967ED7226E3B7A9004FFF42 /* SelectServiceVC.swift */; };
		3967ED7526E3B7A9004FFF42 /* SelectServiceVCViewController.xib in Resources */ = {isa = PBXBuildFile; fileRef = 3967ED7326E3B7A9004FFF42 /* SelectServiceVCViewController.xib */; };
		3977DFC526D6862B00CA80B8 /* AppDelegate.swift in Sources */ = {isa = PBXBuildFile; fileRef = 3977DFC426D6862B00CA80B8 /* AppDelegate.swift */; };
		3977DFC726D6862B00CA80B8 /* SceneDelegate.swift in Sources */ = {isa = PBXBuildFile; fileRef = 3977DFC626D6862B00CA80B8 /* SceneDelegate.swift */; };
		3977DFC926D6862B00CA80B8 /* ViewController.swift in Sources */ = {isa = PBXBuildFile; fileRef = 3977DFC826D6862B00CA80B8 /* ViewController.swift */; };
		3977DFCC26D6862B00CA80B8 /* Main.storyboard in Resources */ = {isa = PBXBuildFile; fileRef = 3977DFCA26D6862B00CA80B8 /* Main.storyboard */; };
		3977DFCE26D6862F00CA80B8 /* Assets.xcassets in Resources */ = {isa = PBXBuildFile; fileRef = 3977DFCD26D6862F00CA80B8 /* Assets.xcassets */; };
		3977DFD126D6862F00CA80B8 /* LaunchScreen.storyboard in Resources */ = {isa = PBXBuildFile; fileRef = 3977DFCF26D6862F00CA80B8 /* LaunchScreen.storyboard */; };
		3983312126D69C140038DDF6 /* CustomTextField.swift in Sources */ = {isa = PBXBuildFile; fileRef = 3983312026D69C140038DDF6 /* CustomTextField.swift */; };
		3983312426D6A4BA0038DDF6 /* ResetPasswordViewController.swift in Sources */ = {isa = PBXBuildFile; fileRef = 3983312326D6A4BA0038DDF6 /* ResetPasswordViewController.swift */; };
/* End PBXBuildFile section */

/* Begin PBXFileReference section */
		3967ED7226E3B7A9004FFF42 /* SelectServiceVC.swift */ = {isa = PBXFileReference; lastKnownFileType = sourcecode.swift; path = SelectServiceVC.swift; sourceTree = "<group>"; };
		3967ED7326E3B7A9004FFF42 /* SelectServiceVCViewController.xib */ = {isa = PBXFileReference; lastKnownFileType = file.xib; path = SelectServiceVCViewController.xib; sourceTree = "<group>"; };
		3977DFC126D6862B00CA80B8 /* Task.app */ = {isa = PBXFileReference; explicitFileType = wrapper.application; includeInIndex = 0; path = Task.app; sourceTree = BUILT_PRODUCTS_DIR; };
		3977DFC426D6862B00CA80B8 /* AppDelegate.swift */ = {isa = PBXFileReference; lastKnownFileType = sourcecode.swift; path = AppDelegate.swift; sourceTree = "<group>"; };
		3977DFC626D6862B00CA80B8 /* SceneDelegate.swift */ = {isa = PBXFileReference; lastKnownFileType = sourcecode.swift; path = SceneDelegate.swift; sourceTree = "<group>"; };
		3977DFC826D6862B00CA80B8 /* ViewController.swift */ = {isa = PBXFileReference; lastKnownFileType = sourcecode.swift; path = ViewController.swift; sourceTree = "<group>"; };
		3977DFCB26D6862B00CA80B8 /* Base */ = {isa = PBXFileReference; lastKnownFileType = file.storyboard; name = Base; path = Base.lproj/Main.storyboard; sourceTree = "<group>"; };
		3977DFCD26D6862F00CA80B8 /* Assets.xcassets */ = {isa = PBXFileReference; lastKnownFileType = folder.assetcatalog; path = Assets.xcassets; sourceTree = "<group>"; };
		3977DFD026D6862F00CA80B8 /* Base */ = {isa = PBXFileReference; lastKnownFileType = file.storyboard; name = Base; path = Base.lproj/LaunchScreen.storyboard; sourceTree = "<group>"; };
		3977DFD226D6862F00CA80B8 /* Info.plist */ = {isa = PBXFileReference; lastKnownFileType = text.plist.xml; path = Info.plist; sourceTree = "<group>"; };
		3983312026D69C140038DDF6 /* CustomTextField.swift */ = {isa = PBXFileReference; lastKnownFileType = sourcecode.swift; path = CustomTextField.swift; sourceTree = "<group>"; };
		3983312326D6A4BA0038DDF6 /* ResetPasswordViewController.swift */ = {isa = PBXFileReference; lastKnownFileType = sourcecode.swift; path = ResetPasswordViewController.swift; sourceTree = "<group>"; };
/* End PBXFileReference section */

/* Begin PBXFrameworksBuildPhase section */
		3977DFBE26D6862B00CA80B8 /* Frameworks */ = {
			isa = PBXFrameworksBuildPhase;
			buildActionMask = 2147483647;
			files = (
			);
			runOnlyForDeploymentPostprocessing = 0;
		};
/* End PBXFrameworksBuildPhase section */

/* Begin PBXGroup section */
		3967ED7126E3B6C6004FFF42 /* selectService */ = {
			isa = PBXGroup;
			children = (
				3967ED7226E3B7A9004FFF42 /* SelectServiceVC.swift */,
				3967ED7326E3B7A9004FFF42 /* SelectServiceVCViewController.xib */,
			);
			name = selectService;
			sourceTree = "<group>";
		};
		3977DFB826D6862B00CA80B8 = {
			isa = PBXGroup;
			children = (
				3977DFC326D6862B00CA80B8 /* Task */,
				3977DFC226D6862B00CA80B8 /* Products */,
			);
			sourceTree = "<group>";
		};
		3977DFC226D6862B00CA80B8 /* Products */ = {
			isa = PBXGroup;
			children = (
				3977DFC126D6862B00CA80B8 /* Task.app */,
			);
			name = Products;
			sourceTree = "<group>";
		};
		3977DFC326D6862B00CA80B8 /* Task */ = {
			isa = PBXGroup;
			children = (
				3967ED7126E3B6C6004FFF42 /* selectService */,
				3977DFC426D6862B00CA80B8 /* AppDelegate.swift */,
				3977DFC626D6862B00CA80B8 /* SceneDelegate.swift */,
				3977DFC826D6862B00CA80B8 /* ViewController.swift */,
				3977DFCA26D6862B00CA80B8 /* Main.storyboard */,
				3977DFCD26D6862F00CA80B8 /* Assets.xcassets */,
				3977DFCF26D6862F00CA80B8 /* LaunchScreen.storyboard */,
				3977DFD226D6862F00CA80B8 /* Info.plist */,
				3983312026D69C140038DDF6 /* CustomTextField.swift */,
				3983312326D6A4BA0038DDF6 /* ResetPasswordViewController.swift */,
			);
			path = Task;
			sourceTree = "<group>";
		};
/* End PBXGroup section */

/* Begin PBXNativeTarget section */
		3977DFC026D6862B00CA80B8 /* Task */ = {
			isa = PBXNativeTarget;
			buildConfigurationList = 3977DFD526D6862F00CA80B8 /* Build configuration list for PBXNativeTarget "Task" */;
			buildPhases = (
				3977DFBD26D6862B00CA80B8 /* Sources */,
				3977DFBE26D6862B00CA80B8 /* Frameworks */,
				3977DFBF26D6862B00CA80B8 /* Resources */,
			);
			buildRules = (
			);
			dependencies = (
			);
			name = Task;
			productName = Task;
			productReference = 3977DFC126D6862B00CA80B8 /* Task.app */;
			productType = "com.apple.product-type.application";
		};
/* End PBXNativeTarget section */

/* Begin PBXProject section */
		3977DFB926D6862B00CA80B8 /* Project object */ = {
			isa = PBXProject;
			attributes = {
				LastSwiftUpdateCheck = 1200;
				LastUpgradeCheck = 1200;
				TargetAttributes = {
					3977DFC026D6862B00CA80B8 = {
						CreatedOnToolsVersion = 12.0;
					};
				};
			};
			buildConfigurationList = 3977DFBC26D6862B00CA80B8 /* Build configuration list for PBXProject "Task" */;
			compatibilityVersion = "Xcode 9.3";
			developmentRegion = en;
			hasScannedForEncodings = 0;
			knownRegions = (
				en,
				Base,
			);
			mainGroup = 3977DFB826D6862B00CA80B8;
			productRefGroup = 3977DFC226D6862B00CA80B8 /* Products */;
			projectDirPath = "";
			projectRoot = "";
			targets = (
				3977DFC026D6862B00CA80B8 /* Task */,
			);
		};
/* End PBXProject section */

/* Begin PBXResourcesBuildPhase section */
		3977DFBF26D6862B00CA80B8 /* Resources */ = {
			isa = PBXResourcesBuildPhase;
			buildActionMask = 2147483647;
			files = (
				3967ED7526E3B7A9004FFF42 /* SelectServiceVCViewController.xib in Resources */,
				3977DFD126D6862F00CA80B8 /* LaunchScreen.storyboard in Resources */,
				3977DFCE26D6862F00CA80B8 /* Assets.xcassets in Resources */,
				3977DFCC26D6862B00CA80B8 /* Main.storyboard in Resources */,
			);
			runOnlyForDeploymentPostprocessing = 0;
		};
/* End PBXResourcesBuildPhase section */

/* Begin PBXSourcesBuildPhase section */
		3977DFBD26D6862B00CA80B8 /* Sources */ = {
			isa = PBXSourcesBuildPhase;
			buildActionMask = 2147483647;
			files = (
				3967ED7426E3B7A9004FFF42 /* SelectServiceVC.swift in Sources */,
				3983312126D69C140038DDF6 /* CustomTextField.swift in Sources */,
				3977DFC926D6862B00CA80B8 /* ViewController.swift in Sources */,
				3983312426D6A4BA0038DDF6 /* ResetPasswordViewController.swift in Sources */,
				3977DFC526D6862B00CA80B8 /* AppDelegate.swift in Sources */,
				3977DFC726D6862B00CA80B8 /* SceneDelegate.swift in Sources */,
			);
			runOnlyForDeploymentPostprocessing = 0;
		};
/* End PBXSourcesBuildPhase section */

/* Begin PBXVariantGroup section */
		3977DFCA26D6862B00CA80B8 /* Main.storyboard */ = {
			isa = PBXVariantGroup;
			children = (
				3977DFCB26D6862B00CA80B8 /* Base */,
			);
			name = Main.storyboard;
			sourceTree = "<group>";
		};
		3977DFCF26D6862F00CA80B8 /* LaunchScreen.storyboard */ = {
			isa = PBXVariantGroup;
			children = (
				3977DFD026D6862F00CA80B8 /* Base */,
			);
			name = LaunchScreen.storyboard;
			sourceTree = "<group>";
		};
/* End PBXVariantGroup section */

/* Begin XCBuildConfiguration section */
		3977DFD326D6862F00CA80B8 /* Debug */ = {
			isa = XCBuildConfiguration;
			buildSettings = {
				ALWAYS_SEARCH_USER_PATHS = NO;
				CLANG_ANALYZER_NONNULL = YES;
				CLANG_ANALYZER_NUMBER_OBJECT_CONVERSION = YES_AGGRESSIVE;
				CLANG_CXX_LANGUAGE_STANDARD = "gnu++14";
				CLANG_CXX_LIBRARY = "libc++";
				CLANG_ENABLE_MODULES = YES;
				CLANG_ENABLE_OBJC_ARC = YES;
				CLANG_ENABLE_OBJC_WEAK = YES;
				CLANG_WARN_BLOCK_CAPTURE_AUTORELEASING = YES;
				CLANG_WARN_BOOL_CONVERSION = YES;
				CLANG_WARN_COMMA = YES;
				CLANG_WARN_CONSTANT_CONVERSION = YES;
				CLANG_WARN_DEPRECATED_OBJC_IMPLEMENTATIONS = YES;
				CLANG_WARN_DIRECT_OBJC_ISA_USAGE = YES_ERROR;
				CLANG_WARN_DOCUMENTATION_COMMENTS = YES;
				CLANG_WARN_EMPTY_BODY = YES;
				CLANG_WARN_ENUM_CONVERSION = YES;
				CLANG_WARN_INFINITE_RECURSION = YES;
				CLANG_WARN_INT_CONVERSION = YES;
				CLANG_WARN_NON_LITERAL_NULL_CONVERSION = YES;
				CLANG_WARN_OBJC_IMPLICIT_RETAIN_SELF = YES;
				CLANG_WARN_OBJC_LITERAL_CONVERSION = YES;
				CLANG_WARN_OBJC_ROOT_CLASS = YES_ERROR;
				CLANG_WARN_QUOTED_INCLUDE_IN_FRAMEWORK_HEADER = YES;
				CLANG_WARN_RANGE_LOOP_ANALYSIS = YES;
				CLANG_WARN_STRICT_PROTOTYPES = YES;
				CLANG_WARN_SUSPICIOUS_MOVE = YES;
				CLANG_WARN_UNGUARDED_AVAILABILITY = YES_AGGRESSIVE;
				CLANG_WARN_UNREACHABLE_CODE = YES;
				CLANG_WARN__DUPLICATE_METHOD_MATCH = YES;
				COPY_PHASE_STRIP = NO;
				DEBUG_INFORMATION_FORMAT = dwarf;
				ENABLE_STRICT_OBJC_MSGSEND = YES;
				ENABLE_TESTABILITY = YES;
				GCC_C_LANGUAGE_STANDARD = gnu11;
				GCC_DYNAMIC_NO_PIC = NO;
				GCC_NO_COMMON_BLOCKS = YES;
				GCC_OPTIMIZATION_LEVEL = 0;
				GCC_PREPROCESSOR_DEFINITIONS = (
					"DEBUG=1",
					"$(inherited)",
				);
				GCC_WARN_64_TO_32_BIT_CONVERSION = YES;
				GCC_WARN_ABOUT_RETURN_TYPE = YES_ERROR;
				GCC_WARN_UNDECLARED_SELECTOR = YES;
				GCC_WARN_UNINITIALIZED_AUTOS = YES_AGGRESSIVE;
				GCC_WARN_UNUSED_FUNCTION = YES;
				GCC_WARN_UNUSED_VARIABLE = YES;
				IPHONEOS_DEPLOYMENT_TARGET = 14.0;
				MTL_ENABLE_DEBUG_INFO = INCLUDE_SOURCE;
				MTL_FAST_MATH = YES;
				ONLY_ACTIVE_ARCH = YES;
				SDKROOT = iphoneos;
				SWIFT_ACTIVE_COMPILATION_CONDITIONS = DEBUG;
				SWIFT_OPTIMIZATION_LEVEL = "-Onone";
			};
			name = Debug;
		};
		3977DFD426D6862F00CA80B8 /* Release */ = {
			isa = XCBuildConfiguration;
			buildSettings = {
				ALWAYS_SEARCH_USER_PATHS = NO;
				CLANG_ANALYZER_NONNULL = YES;
				CLANG_ANALYZER_NUMBER_OBJECT_CONVERSION = YES_AGGRESSIVE;
				CLANG_CXX_LANGUAGE_STANDARD = "gnu++14";
				CLANG_CXX_LIBRARY = "libc++";
				CLANG_ENABLE_MODULES = YES;
				CLANG_ENABLE_OBJC_ARC = YES;
				CLANG_ENABLE_OBJC_WEAK = YES;
				CLANG_WARN_BLOCK_CAPTURE_AUTORELEASING = YES;
				CLANG_WARN_BOOL_CONVERSION = YES;
				CLANG_WARN_COMMA = YES;
				CLANG_WARN_CONSTANT_CONVERSION = YES;
				CLANG_WARN_DEPRECATED_OBJC_IMPLEMENTATIONS = YES;
				CLANG_WARN_DIRECT_OBJC_ISA_USAGE = YES_ERROR;
				CLANG_WARN_DOCUMENTATION_COMMENTS = YES;
				CLANG_WARN_EMPTY_BODY = YES;
				CLANG_WARN_ENUM_CONVERSION = YES;
				CLANG_WARN_INFINITE_RECURSION = YES;
				CLANG_WARN_INT_CONVERSION = YES;
				CLANG_WARN_NON_LITERAL_NULL_CONVERSION = YES;
				CLANG_WARN_OBJC_IMPLICIT_RETAIN_SELF = YES;
				CLANG_WARN_OBJC_LITERAL_CONVERSION = YES;
				CLANG_WARN_OBJC_ROOT_CLASS = YES_ERROR;
				CLANG_WARN_QUOTED_INCLUDE_IN_FRAMEWORK_HEADER = YES;
				CLANG_WARN_RANGE_LOOP_ANALYSIS = YES;
				CLANG_WARN_STRICT_PROTOTYPES = YES;
				CLANG_WARN_SUSPICIOUS_MOVE = YES;
				CLANG_WARN_UNGUARDED_AVAILABILITY = YES_AGGRESSIVE;
				CLANG_WARN_UNREACHABLE_CODE = YES;
				CLANG_WARN__DUPLICATE_METHOD_MATCH = YES;
				COPY_PHASE_STRIP = NO;
				DEBUG_INFORMATION_FORMAT = "dwarf-with-dsym";
				ENABLE_NS_ASSERTIONS = NO;
				ENABLE_STRICT_OBJC_MSGSEND = YES;
				GCC_C_LANGUAGE_STANDARD = gnu11;
				GCC_NO_COMMON_BLOCKS = YES;
				GCC_WARN_64_TO_32_BIT_CONVERSION = YES;
				GCC_WARN_ABOUT_RETURN_TYPE = YES_ERROR;
				GCC_WARN_UNDECLARED_SELECTOR = YES;
				GCC_WARN_UNINITIALIZED_AUTOS = YES_AGGRESSIVE;
				GCC_WARN_UNUSED_FUNCTION = YES;
				GCC_WARN_UNUSED_VARIABLE = YES;
				IPHONEOS_DEPLOYMENT_TARGET = 14.0;
				MTL_ENABLE_DEBUG_INFO = NO;
				MTL_FAST_MATH = YES;
				SDKROOT = iphoneos;
				SWIFT_COMPILATION_MODE = wholemodule;
				SWIFT_OPTIMIZATION_LEVEL = "-O";
				VALIDATE_PRODUCT = YES;
			};
			name = Release;
		};
		3977DFD626D6862F00CA80B8 /* Debug */ = {
			isa = XCBuildConfiguration;
			buildSettings = {
				ASSETCATALOG_COMPILER_APPICON_NAME = AppIcon;
				ASSETCATALOG_COMPILER_GLOBAL_ACCENT_COLOR_NAME = AccentColor;
				CODE_SIGN_STYLE = Automatic;
				INFOPLIST_FILE = Task/Info.plist;
				LD_RUNPATH_SEARCH_PATHS = (
					"$(inherited)",
					"@executable_path/Frameworks",
				);
				PRODUCT_BUNDLE_IDENTIFIER = "helwan-uni.Task";
				PRODUCT_NAME = "$(TARGET_NAME)";
				SWIFT_VERSION = 5.0;
				TARGETED_DEVICE_FAMILY = "1,2";
			};
			name = Debug;
		};
		3977DFD726D6862F00CA80B8 /* Release */ = {
			isa = XCBuildConfiguration;
			buildSettings = {
				ASSETCATALOG_COMPILER_APPICON_NAME = AppIcon;
				ASSETCATALOG_COMPILER_GLOBAL_ACCENT_COLOR_NAME = AccentColor;
				CODE_SIGN_STYLE = Automatic;
				INFOPLIST_FILE = Task/Info.plist;
				LD_RUNPATH_SEARCH_PATHS = (
					"$(inherited)",
					"@executable_path/Frameworks",
				);
				PRODUCT_BUNDLE_IDENTIFIER = "helwan-uni.Task";
				PRODUCT_NAME = "$(TARGET_NAME)";
				SWIFT_VERSION = 5.0;
				TARGETED_DEVICE_FAMILY = "1,2";
			};
			name = Release;
		};
/* End XCBuildConfiguration section */

/* Begin XCConfigurationList section */
		3977DFBC26D6862B00CA80B8 /* Build configuration list for PBXProject "Task" */ = {
			isa = XCConfigurationList;
			buildConfigurations = (
				3977DFD326D6862F00CA80B8 /* Debug */,
				3977DFD426D6862F00CA80B8 /* Release */,
			);
			defaultConfigurationIsVisible = 0;
			defaultConfigurationName = Release;
		};
		3977DFD526D6862F00CA80B8 /* Build configuration list for PBXNativeTarget "Task" */ = {
			isa = XCConfigurationList;
			buildConfigurations = (
				3977DFD626D6862F00CA80B8 /* Debug */,
				3977DFD726D6862F00CA80B8 /* Release */,
			);
			defaultConfigurationIsVisible = 0;
			defaultConfigurationName = Release;
		};
/* End XCConfigurationList section */
	};
	rootObject = 3977DFB926D6862B00CA80B8 /* Project object */;
}
